// !$*UTF8*$!
{
	archiveVersion = 1;
	classes = {
	};
	objectVersion = 46;
	objects = {

/* Begin PBXBuildFile section */
		75734C8F16E932BE00B8D91C /* UIKit.framework in Frameworks */ = {isa = PBXBuildFile; fileRef = 75734C8E16E932BE00B8D91C /* UIKit.framework */; };
		75734C9116E932BE00B8D91C /* Foundation.framework in Frameworks */ = {isa = PBXBuildFile; fileRef = 75734C9016E932BE00B8D91C /* Foundation.framework */; };
		75734C9316E932BE00B8D91C /* CoreGraphics.framework in Frameworks */ = {isa = PBXBuildFile; fileRef = 75734C9216E932BE00B8D91C /* CoreGraphics.framework */; };
		75734C9916E932BE00B8D91C /* InfoPlist.strings in Resources */ = {isa = PBXBuildFile; fileRef = 75734C9716E932BE00B8D91C /* InfoPlist.strings */; };
		75734C9B16E932BE00B8D91C /* main.m in Sources */ = {isa = PBXBuildFile; fileRef = 75734C9A16E932BE00B8D91C /* main.m */; };
		75734C9F16E932BE00B8D91C /* AppDelegate.m in Sources */ = {isa = PBXBuildFile; fileRef = 75734C9E16E932BE00B8D91C /* AppDelegate.m */; };
		75734CA116E932BE00B8D91C /* Default.png in Resources */ = {isa = PBXBuildFile; fileRef = 75734CA016E932BE00B8D91C /* Default.png */; };
		75734CA316E932BE00B8D91C /* Default@2x.png in Resources */ = {isa = PBXBuildFile; fileRef = 75734CA216E932BE00B8D91C /* Default@2x.png */; };
		75734CA516E932BE00B8D91C /* Default-568h@2x.png in Resources */ = {isa = PBXBuildFile; fileRef = 75734CA416E932BE00B8D91C /* Default-568h@2x.png */; };
		75734CA816E932BE00B8D91C /* ViewController.m in Sources */ = {isa = PBXBuildFile; fileRef = 75734CA716E932BE00B8D91C /* ViewController.m */; };
		75734CAB16E932BE00B8D91C /* ViewController.xib in Resources */ = {isa = PBXBuildFile; fileRef = 75734CA916E932BE00B8D91C /* ViewController.xib */; };
		75734CC516E9349500B8D91C /* AFHTTPClient.m in Sources */ = {isa = PBXBuildFile; fileRef = 75734CB316E9349500B8D91C /* AFHTTPClient.m */; };
		75734CC616E9349500B8D91C /* AFHTTPRequestOperation.m in Sources */ = {isa = PBXBuildFile; fileRef = 75734CB516E9349500B8D91C /* AFHTTPRequestOperation.m */; };
		75734CC716E9349500B8D91C /* AFImageRequestOperation.m in Sources */ = {isa = PBXBuildFile; fileRef = 75734CB716E9349500B8D91C /* AFImageRequestOperation.m */; };
		75734CC816E9349500B8D91C /* AFJSONRequestOperation.m in Sources */ = {isa = PBXBuildFile; fileRef = 75734CB916E9349500B8D91C /* AFJSONRequestOperation.m */; };
		75734CC916E9349500B8D91C /* AFNetworkActivityIndicatorManager.m in Sources */ = {isa = PBXBuildFile; fileRef = 75734CBB16E9349500B8D91C /* AFNetworkActivityIndicatorManager.m */; };
		75734CCA16E9349500B8D91C /* AFPropertyListRequestOperation.m in Sources */ = {isa = PBXBuildFile; fileRef = 75734CBE16E9349500B8D91C /* AFPropertyListRequestOperation.m */; };
		75734CCB16E9349500B8D91C /* AFURLConnectionOperation.m in Sources */ = {isa = PBXBuildFile; fileRef = 75734CC016E9349500B8D91C /* AFURLConnectionOperation.m */; };
		75734CCC16E9349500B8D91C /* AFXMLRequestOperation.m in Sources */ = {isa = PBXBuildFile; fileRef = 75734CC216E9349500B8D91C /* AFXMLRequestOperation.m */; };
		75734CCD16E9349500B8D91C /* UIImageView+AFNetworking.m in Sources */ = {isa = PBXBuildFile; fileRef = 75734CC416E9349500B8D91C /* UIImageView+AFNetworking.m */; };
		75734CCF16E934D600B8D91C /* MobileCoreServices.framework in Frameworks */ = {isa = PBXBuildFile; fileRef = 75734CCE16E934D600B8D91C /* MobileCoreServices.framework */; };
		75734CD116E934F700B8D91C /* SystemConfiguration.framework in Frameworks */ = {isa = PBXBuildFile; fileRef = 75734CD016E934F700B8D91C /* SystemConfiguration.framework */; };
/* End PBXBuildFile section */

/* Begin PBXFileReference section */
		75734C8B16E932BE00B8D91C /* MSDynamicsCRMExplorer.app */ = {isa = PBXFileReference; explicitFileType = wrapper.application; includeInIndex = 0; path = MSDynamicsCRMExplorer.app; sourceTree = BUILT_PRODUCTS_DIR; };
		75734C8E16E932BE00B8D91C /* UIKit.framework */ = {isa = PBXFileReference; lastKnownFileType = wrapper.framework; name = UIKit.framework; path = System/Library/Frameworks/UIKit.framework; sourceTree = SDKROOT; };
		75734C9016E932BE00B8D91C /* Foundation.framework */ = {isa = PBXFileReference; lastKnownFileType = wrapper.framework; name = Foundation.framework; path = System/Library/Frameworks/Foundation.framework; sourceTree = SDKROOT; };
		75734C9216E932BE00B8D91C /* CoreGraphics.framework */ = {isa = PBXFileReference; lastKnownFileType = wrapper.framework; name = CoreGraphics.framework; path = System/Library/Frameworks/CoreGraphics.framework; sourceTree = SDKROOT; };
		75734C9616E932BE00B8D91C /* MSDynamicsCRMExplorer-Info.plist */ = {isa = PBXFileReference; lastKnownFileType = text.plist.xml; path = "MSDynamicsCRMExplorer-Info.plist"; sourceTree = "<group>"; };
		75734C9816E932BE00B8D91C /* en */ = {isa = PBXFileReference; lastKnownFileType = text.plist.strings; name = en; path = en.lproj/InfoPlist.strings; sourceTree = "<group>"; };
		75734C9A16E932BE00B8D91C /* main.m */ = {isa = PBXFileReference; lastKnownFileType = sourcecode.c.objc; path = main.m; sourceTree = "<group>"; };
		75734C9C16E932BE00B8D91C /* MSDynamicsCRMExplorer-Prefix.pch */ = {isa = PBXFileReference; lastKnownFileType = sourcecode.c.h; path = "MSDynamicsCRMExplorer-Prefix.pch"; sourceTree = "<group>"; };
		75734C9D16E932BE00B8D91C /* AppDelegate.h */ = {isa = PBXFileReference; lastKnownFileType = sourcecode.c.h; path = AppDelegate.h; sourceTree = "<group>"; };
		75734C9E16E932BE00B8D91C /* AppDelegate.m */ = {isa = PBXFileReference; lastKnownFileType = sourcecode.c.objc; path = AppDelegate.m; sourceTree = "<group>"; };
		75734CA016E932BE00B8D91C /* Default.png */ = {isa = PBXFileReference; lastKnownFileType = image.png; path = Default.png; sourceTree = "<group>"; };
		75734CA216E932BE00B8D91C /* Default@2x.png */ = {isa = PBXFileReference; lastKnownFileType = image.png; path = "Default@2x.png"; sourceTree = "<group>"; };
		75734CA416E932BE00B8D91C /* Default-568h@2x.png */ = {isa = PBXFileReference; lastKnownFileType = image.png; path = "Default-568h@2x.png"; sourceTree = "<group>"; };
		75734CA616E932BE00B8D91C /* ViewController.h */ = {isa = PBXFileReference; lastKnownFileType = sourcecode.c.h; path = ViewController.h; sourceTree = "<group>"; };
		75734CA716E932BE00B8D91C /* ViewController.m */ = {isa = PBXFileReference; lastKnownFileType = sourcecode.c.objc; path = ViewController.m; sourceTree = "<group>"; };
		75734CAA16E932BE00B8D91C /* en */ = {isa = PBXFileReference; lastKnownFileType = file.xib; name = en; path = en.lproj/ViewController.xib; sourceTree = "<group>"; };
		75734CB216E9349500B8D91C /* AFHTTPClient.h */ = {isa = PBXFileReference; fileEncoding = 4; lastKnownFileType = sourcecode.c.h; path = AFHTTPClient.h; sourceTree = "<group>"; };
		75734CB316E9349500B8D91C /* AFHTTPClient.m */ = {isa = PBXFileReference; fileEncoding = 4; lastKnownFileType = sourcecode.c.objc; path = AFHTTPClient.m; sourceTree = "<group>"; };
		75734CB416E9349500B8D91C /* AFHTTPRequestOperation.h */ = {isa = PBXFileReference; fileEncoding = 4; lastKnownFileType = sourcecode.c.h; path = AFHTTPRequestOperation.h; sourceTree = "<group>"; };
		75734CB516E9349500B8D91C /* AFHTTPRequestOperation.m */ = {isa = PBXFileReference; fileEncoding = 4; lastKnownFileType = sourcecode.c.objc; path = AFHTTPRequestOperation.m; sourceTree = "<group>"; };
		75734CB616E9349500B8D91C /* AFImageRequestOperation.h */ = {isa = PBXFileReference; fileEncoding = 4; lastKnownFileType = sourcecode.c.h; path = AFImageRequestOperation.h; sourceTree = "<group>"; };
		75734CB716E9349500B8D91C /* AFImageRequestOperation.m */ = {isa = PBXFileReference; fileEncoding = 4; lastKnownFileType = sourcecode.c.objc; path = AFImageRequestOperation.m; sourceTree = "<group>"; };
		75734CB816E9349500B8D91C /* AFJSONRequestOperation.h */ = {isa = PBXFileReference; fileEncoding = 4; lastKnownFileType = sourcecode.c.h; path = AFJSONRequestOperation.h; sourceTree = "<group>"; };
		75734CB916E9349500B8D91C /* AFJSONRequestOperation.m */ = {isa = PBXFileReference; fileEncoding = 4; lastKnownFileType = sourcecode.c.objc; path = AFJSONRequestOperation.m; sourceTree = "<group>"; };
		75734CBA16E9349500B8D91C /* AFNetworkActivityIndicatorManager.h */ = {isa = PBXFileReference; fileEncoding = 4; lastKnownFileType = sourcecode.c.h; path = AFNetworkActivityIndicatorManager.h; sourceTree = "<group>"; };
		75734CBB16E9349500B8D91C /* AFNetworkActivityIndicatorManager.m */ = {isa = PBXFileReference; fileEncoding = 4; lastKnownFileType = sourcecode.c.objc; path = AFNetworkActivityIndicatorManager.m; sourceTree = "<group>"; };
		75734CBC16E9349500B8D91C /* AFNetworking.h */ = {isa = PBXFileReference; fileEncoding = 4; lastKnownFileType = sourcecode.c.h; path = AFNetworking.h; sourceTree = "<group>"; };
		75734CBD16E9349500B8D91C /* AFPropertyListRequestOperation.h */ = {isa = PBXFileReference; fileEncoding = 4; lastKnownFileType = sourcecode.c.h; path = AFPropertyListRequestOperation.h; sourceTree = "<group>"; };
		75734CBE16E9349500B8D91C /* AFPropertyListRequestOperation.m */ = {isa = PBXFileReference; fileEncoding = 4; lastKnownFileType = sourcecode.c.objc; path = AFPropertyListRequestOperation.m; sourceTree = "<group>"; };
		75734CBF16E9349500B8D91C /* AFURLConnectionOperation.h */ = {isa = PBXFileReference; fileEncoding = 4; lastKnownFileType = sourcecode.c.h; path = AFURLConnectionOperation.h; sourceTree = "<group>"; };
		75734CC016E9349500B8D91C /* AFURLConnectionOperation.m */ = {isa = PBXFileReference; fileEncoding = 4; lastKnownFileType = sourcecode.c.objc; path = AFURLConnectionOperation.m; sourceTree = "<group>"; };
		75734CC116E9349500B8D91C /* AFXMLRequestOperation.h */ = {isa = PBXFileReference; fileEncoding = 4; lastKnownFileType = sourcecode.c.h; path = AFXMLRequestOperation.h; sourceTree = "<group>"; };
		75734CC216E9349500B8D91C /* AFXMLRequestOperation.m */ = {isa = PBXFileReference; fileEncoding = 4; lastKnownFileType = sourcecode.c.objc; path = AFXMLRequestOperation.m; sourceTree = "<group>"; };
		75734CC316E9349500B8D91C /* UIImageView+AFNetworking.h */ = {isa = PBXFileReference; fileEncoding = 4; lastKnownFileType = sourcecode.c.h; path = "UIImageView+AFNetworking.h"; sourceTree = "<group>"; };
		75734CC416E9349500B8D91C /* UIImageView+AFNetworking.m */ = {isa = PBXFileReference; fileEncoding = 4; lastKnownFileType = sourcecode.c.objc; path = "UIImageView+AFNetworking.m"; sourceTree = "<group>"; };
		75734CCE16E934D600B8D91C /* MobileCoreServices.framework */ = {isa = PBXFileReference; lastKnownFileType = wrapper.framework; name = MobileCoreServices.framework; path = System/Library/Frameworks/MobileCoreServices.framework; sourceTree = SDKROOT; };
		75734CD016E934F700B8D91C /* SystemConfiguration.framework */ = {isa = PBXFileReference; lastKnownFileType = wrapper.framework; name = SystemConfiguration.framework; path = System/Library/Frameworks/SystemConfiguration.framework; sourceTree = SDKROOT; };
/* End PBXFileReference section */

/* Begin PBXFrameworksBuildPhase section */
		75734C8816E932BE00B8D91C /* Frameworks */ = {
			isa = PBXFrameworksBuildPhase;
			buildActionMask = 2147483647;
			files = (
				75734CD116E934F700B8D91C /* SystemConfiguration.framework in Frameworks */,
				75734CCF16E934D600B8D91C /* MobileCoreServices.framework in Frameworks */,
				75734C8F16E932BE00B8D91C /* UIKit.framework in Frameworks */,
				75734C9116E932BE00B8D91C /* Foundation.framework in Frameworks */,
				75734C9316E932BE00B8D91C /* CoreGraphics.framework in Frameworks */,
			);
			runOnlyForDeploymentPostprocessing = 0;
		};
/* End PBXFrameworksBuildPhase section */

/* Begin PBXGroup section */
		75734C8216E932BE00B8D91C = {
			isa = PBXGroup;
			children = (
				75734C9416E932BE00B8D91C /* MSDynamicsCRMExplorer */,
				75734C8D16E932BE00B8D91C /* Frameworks */,
				75734C8C16E932BE00B8D91C /* Products */,
			);
			sourceTree = "<group>";
		};
		75734C8C16E932BE00B8D91C /* Products */ = {
			isa = PBXGroup;
			children = (
				75734C8B16E932BE00B8D91C /* MSDynamicsCRMExplorer.app */,
			);
			name = Products;
			sourceTree = "<group>";
		};
		75734C8D16E932BE00B8D91C /* Frameworks */ = {
			isa = PBXGroup;
			children = (
				75734CD016E934F700B8D91C /* SystemConfiguration.framework */,
				75734CCE16E934D600B8D91C /* MobileCoreServices.framework */,
				75734C8E16E932BE00B8D91C /* UIKit.framework */,
				75734C9016E932BE00B8D91C /* Foundation.framework */,
				75734C9216E932BE00B8D91C /* CoreGraphics.framework */,
			);
			name = Frameworks;
			sourceTree = "<group>";
		};
		75734C9416E932BE00B8D91C /* MSDynamicsCRMExplorer */ = {
			isa = PBXGroup;
			children = (
				75734CB116E9349500B8D91C /* AFNetworking */,
				75734C9D16E932BE00B8D91C /* AppDelegate.h */,
				75734C9E16E932BE00B8D91C /* AppDelegate.m */,
				75734CA616E932BE00B8D91C /* ViewController.h */,
				75734CA716E932BE00B8D91C /* ViewController.m */,
				75734CA916E932BE00B8D91C /* ViewController.xib */,
				75734C9516E932BE00B8D91C /* Supporting Files */,
			);
			path = MSDynamicsCRMExplorer;
			sourceTree = "<group>";
		};
		75734C9516E932BE00B8D91C /* Supporting Files */ = {
			isa = PBXGroup;
			children = (
				75734C9616E932BE00B8D91C /* MSDynamicsCRMExplorer-Info.plist */,
				75734C9716E932BE00B8D91C /* InfoPlist.strings */,
				75734C9A16E932BE00B8D91C /* main.m */,
				75734C9C16E932BE00B8D91C /* MSDynamicsCRMExplorer-Prefix.pch */,
				75734CA016E932BE00B8D91C /* Default.png */,
				75734CA216E932BE00B8D91C /* Default@2x.png */,
				75734CA416E932BE00B8D91C /* Default-568h@2x.png */,
			);
			name = "Supporting Files";
			sourceTree = "<group>";
		};
		75734CB116E9349500B8D91C /* AFNetworking */ = {
			isa = PBXGroup;
			children = (
				75734CB216E9349500B8D91C /* AFHTTPClient.h */,
				75734CB316E9349500B8D91C /* AFHTTPClient.m */,
				75734CB416E9349500B8D91C /* AFHTTPRequestOperation.h */,
				75734CB516E9349500B8D91C /* AFHTTPRequestOperation.m */,
				75734CB616E9349500B8D91C /* AFImageRequestOperation.h */,
				75734CB716E9349500B8D91C /* AFImageRequestOperation.m */,
				75734CB816E9349500B8D91C /* AFJSONRequestOperation.h */,
				75734CB916E9349500B8D91C /* AFJSONRequestOperation.m */,
				75734CBA16E9349500B8D91C /* AFNetworkActivityIndicatorManager.h */,
				75734CBB16E9349500B8D91C /* AFNetworkActivityIndicatorManager.m */,
				75734CBC16E9349500B8D91C /* AFNetworking.h */,
				75734CBD16E9349500B8D91C /* AFPropertyListRequestOperation.h */,
				75734CBE16E9349500B8D91C /* AFPropertyListRequestOperation.m */,
				75734CBF16E9349500B8D91C /* AFURLConnectionOperation.h */,
				75734CC016E9349500B8D91C /* AFURLConnectionOperation.m */,
				75734CC116E9349500B8D91C /* AFXMLRequestOperation.h */,
				75734CC216E9349500B8D91C /* AFXMLRequestOperation.m */,
				75734CC316E9349500B8D91C /* UIImageView+AFNetworking.h */,
				75734CC416E9349500B8D91C /* UIImageView+AFNetworking.m */,
			);
			name = AFNetworking;
			path = AFNetworking/AFNetworking;
			sourceTree = SOURCE_ROOT;
		};
/* End PBXGroup section */

/* Begin PBXNativeTarget section */
		75734C8A16E932BE00B8D91C /* MSDynamicsCRMExplorer */ = {
			isa = PBXNativeTarget;
			buildConfigurationList = 75734CAE16E932BE00B8D91C /* Build configuration list for PBXNativeTarget "MSDynamicsCRMExplorer" */;
			buildPhases = (
				75734C8716E932BE00B8D91C /* Sources */,
				75734C8816E932BE00B8D91C /* Frameworks */,
				75734C8916E932BE00B8D91C /* Resources */,
			);
			buildRules = (
			);
			dependencies = (
			);
			name = MSDynamicsCRMExplorer;
			productName = MSDynamicsCRMExplorer;
			productReference = 75734C8B16E932BE00B8D91C /* MSDynamicsCRMExplorer.app */;
			productType = "com.apple.product-type.application";
		};
/* End PBXNativeTarget section */

/* Begin PBXProject section */
		75734C8316E932BE00B8D91C /* Project object */ = {
			isa = PBXProject;
			attributes = {
				LastUpgradeCheck = 0460;
				ORGANIZATIONNAME = "Akbar Nurlybayev";
			};
			buildConfigurationList = 75734C8616E932BE00B8D91C /* Build configuration list for PBXProject "MSDynamicsCRMExplorer" */;
			compatibilityVersion = "Xcode 3.2";
			developmentRegion = English;
			hasScannedForEncodings = 0;
			knownRegions = (
				en,
			);
			mainGroup = 75734C8216E932BE00B8D91C;
			productRefGroup = 75734C8C16E932BE00B8D91C /* Products */;
			projectDirPath = "";
			projectRoot = "";
			targets = (
				75734C8A16E932BE00B8D91C /* MSDynamicsCRMExplorer */,
			);
		};
/* End PBXProject section */

/* Begin PBXResourcesBuildPhase section */
		75734C8916E932BE00B8D91C /* Resources */ = {
			isa = PBXResourcesBuildPhase;
			buildActionMask = 2147483647;
			files = (
				75734C9916E932BE00B8D91C /* InfoPlist.strings in Resources */,
				75734CA116E932BE00B8D91C /* Default.png in Resources */,
				75734CA316E932BE00B8D91C /* Default@2x.png in Resources */,
				75734CA516E932BE00B8D91C /* Default-568h@2x.png in Resources */,
				75734CAB16E932BE00B8D91C /* ViewController.xib in Resources */,
			);
			runOnlyForDeploymentPostprocessing = 0;
		};
/* End PBXResourcesBuildPhase section */

/* Begin PBXSourcesBuildPhase section */
		75734C8716E932BE00B8D91C /* Sources */ = {
			isa = PBXSourcesBuildPhase;
			buildActionMask = 2147483647;
			files = (
				75734C9B16E932BE00B8D91C /* main.m in Sources */,
				75734C9F16E932BE00B8D91C /* AppDelegate.m in Sources */,
				75734CA816E932BE00B8D91C /* ViewController.m in Sources */,
				75734CC516E9349500B8D91C /* AFHTTPClient.m in Sources */,
				75734CC616E9349500B8D91C /* AFHTTPRequestOperation.m in Sources */,
				75734CC716E9349500B8D91C /* AFImageRequestOperation.m in Sources */,
				75734CC816E9349500B8D91C /* AFJSONRequestOperation.m in Sources */,
				75734CC916E9349500B8D91C /* AFNetworkActivityIndicatorManager.m in Sources */,
				75734CCA16E9349500B8D91C /* AFPropertyListRequestOperation.m in Sources */,
				75734CCB16E9349500B8D91C /* AFURLConnectionOperation.m in Sources */,
				75734CCC16E9349500B8D91C /* AFXMLRequestOperation.m in Sources */,
				75734CCD16E9349500B8D91C /* UIImageView+AFNetworking.m in Sources */,
			);
			runOnlyForDeploymentPostprocessing = 0;
		};
/* End PBXSourcesBuildPhase section */

/* Begin PBXVariantGroup section */
		75734C9716E932BE00B8D91C /* InfoPlist.strings */ = {
			isa = PBXVariantGroup;
			children = (
				75734C9816E932BE00B8D91C /* en */,
			);
			name = InfoPlist.strings;
			sourceTree = "<group>";
		};
		75734CA916E932BE00B8D91C /* ViewController.xib */ = {
			isa = PBXVariantGroup;
			children = (
				75734CAA16E932BE00B8D91C /* en */,
			);
			name = ViewController.xib;
			sourceTree = "<group>";
		};
/* End PBXVariantGroup section */

/* Begin XCBuildConfiguration section */
		75734CAC16E932BE00B8D91C /* Debug */ = {
			isa = XCBuildConfiguration;
			buildSettings = {
				ALWAYS_SEARCH_USER_PATHS = NO;
				CLANG_CXX_LANGUAGE_STANDARD = "gnu++0x";
				CLANG_CXX_LIBRARY = "libc++";
				CLANG_ENABLE_OBJC_ARC = YES;
				CLANG_WARN_CONSTANT_CONVERSION = YES;
				CLANG_WARN_EMPTY_BODY = YES;
				CLANG_WARN_ENUM_CONVERSION = YES;
				CLANG_WARN_INT_CONVERSION = YES;
				CLANG_WARN__DUPLICATE_METHOD_MATCH = YES;
				"CODE_SIGN_IDENTITY[sdk=iphoneos*]" = "iPhone Developer";
				COPY_PHASE_STRIP = NO;
				GCC_C_LANGUAGE_STANDARD = gnu99;
				GCC_DYNAMIC_NO_PIC = NO;
				GCC_OPTIMIZATION_LEVEL = 0;
				GCC_PREPROCESSOR_DEFINITIONS = (
					"DEBUG=1",
					"$(inherited)",
				);
				GCC_SYMBOLS_PRIVATE_EXTERN = NO;
				GCC_WARN_ABOUT_RETURN_TYPE = YES;
				GCC_WARN_UNINITIALIZED_AUTOS = YES;
				GCC_WARN_UNUSED_VARIABLE = YES;
				IPHONEOS_DEPLOYMENT_TARGET = 6.1;
				ONLY_ACTIVE_ARCH = YES;
				SDKROOT = iphoneos;
				TARGETED_DEVICE_FAMILY = 2;
			};
			name = Debug;
		};
		75734CAD16E932BE00B8D91C /* Release */ = {
			isa = XCBuildConfiguration;
			buildSettings = {
				ALWAYS_SEARCH_USER_PATHS = NO;
				CLANG_CXX_LANGUAGE_STANDARD = "gnu++0x";
				CLANG_CXX_LIBRARY = "libc++";
				CLANG_ENABLE_OBJC_ARC = YES;
				CLANG_WARN_CONSTANT_CONVERSION = YES;
				CLANG_WARN_EMPTY_BODY = YES;
				CLANG_WARN_ENUM_CONVERSION = YES;
				CLANG_WARN_INT_CONVERSION = YES;
				CLANG_WARN__DUPLICATE_METHOD_MATCH = YES;
				"CODE_SIGN_IDENTITY[sdk=iphoneos*]" = "iPhone Developer";
				COPY_PHASE_STRIP = YES;
				GCC_C_LANGUAGE_STANDARD = gnu99;
				GCC_WARN_ABOUT_RETURN_TYPE = YES;
				GCC_WARN_UNINITIALIZED_AUTOS = YES;
				GCC_WARN_UNUSED_VARIABLE = YES;
				IPHONEOS_DEPLOYMENT_TARGET = 6.1;
				OTHER_CFLAGS = "-DNS_BLOCK_ASSERTIONS=1";
				SDKROOT = iphoneos;
				TARGETED_DEVICE_FAMILY = 2;
				VALIDATE_PRODUCT = YES;
			};
			name = Release;
		};
		75734CAF16E932BE00B8D91C /* Debug */ = {
			isa = XCBuildConfiguration;
			buildSettings = {
				GCC_PRECOMPILE_PREFIX_HEADER = YES;
				GCC_PREFIX_HEADER = "MSDynamicsCRMExplorer/MSDynamicsCRMExplorer-Prefix.pch";
				INFOPLIST_FILE = "MSDynamicsCRMExplorer/MSDynamicsCRMExplorer-Info.plist";
				PRODUCT_NAME = "$(TARGET_NAME)";
				WRAPPER_EXTENSION = app;
			};
			name = Debug;
		};
		75734CB016E932BE00B8D91C /* Release */ = {
			isa = XCBuildConfiguration;
			buildSettings = {
				GCC_PRECOMPILE_PREFIX_HEADER = YES;
				GCC_PREFIX_HEADER = "MSDynamicsCRMExplorer/MSDynamicsCRMExplorer-Prefix.pch";
				INFOPLIST_FILE = "MSDynamicsCRMExplorer/MSDynamicsCRMExplorer-Info.plist";
				PRODUCT_NAME = "$(TARGET_NAME)";
				WRAPPER_EXTENSION = app;
			};
			name = Release;
		};
/* End XCBuildConfiguration section */

/* Begin XCConfigurationList section */
		75734C8616E932BE00B8D91C /* Build configuration list for PBXProject "MSDynamicsCRMExplorer" */ = {
			isa = XCConfigurationList;
			buildConfigurations = (
				75734CAC16E932BE00B8D91C /* Debug */,
				75734CAD16E932BE00B8D91C /* Release */,
			);
			defaultConfigurationIsVisible = 0;
			defaultConfigurationName = Release;
		};
		75734CAE16E932BE00B8D91C /* Build configuration list for PBXNativeTarget "MSDynamicsCRMExplorer" */ = {
			isa = XCConfigurationList;
			buildConfigurations = (
				75734CAF16E932BE00B8D91C /* Debug */,
				75734CB016E932BE00B8D91C /* Release */,
			);
			defaultConfigurationIsVisible = 0;
		};
/* End XCConfigurationList section */
	};
	rootObject = 75734C8316E932BE00B8D91C /* Project object */;
}
